
Microsoft Visual Studio Solution File, Format Version 12.00
# Visual Studio Version 17
VisualStudioVersion = 17.14.36414.22
MinimumVisualStudioVersion = 10.0.40219.1
Project("{FAE04EC0-301F-11D3-BF4B-00C04F79EFBC}") = "BaiTapTrenLopBuoi5", "BaiTapTrenLopBuoi5\BaiTapTrenLopBuoi5.csproj", "{9374A5AD-E054-4A5A-BF48-3C7CE6D9FF59}"
EndProject
Project("{FAE04EC0-301F-11D3-BF4B-00C04F79EFBC}") = "BTTLB5_2", "BTTLB5_2\BTTLB5_2.csproj", "{17F22C94-57A0-4A9F-AE8F-3128EFCDE74F}"
EndProject
Project("{FAE04EC0-301F-11D3-BF4B-00C04F79EFBC}") = "Lab03-02", "Lab03-02\Lab03-02.csproj", "{3E961967-A0A4-4A19-97F1-B362CDC7A9AA}"
EndProject
Global
	GlobalSection(SolutionConfigurationPlatforms) = preSolution
		Debug|Any CPU = Debug|Any CPU
		Release|Any CPU = Release|Any CPU
	EndGlobalSection
	GlobalSection(ProjectConfigurationPlatforms) = postSolution
		{9374A5AD-E054-4A5A-BF48-3C7CE6D9FF59}.Debug|Any CPU.ActiveCfg = Debug|Any CPU
		{9374A5AD-E054-4A5A-BF48-3C7CE6D9FF59}.Debug|Any CPU.Build.0 = Debug|Any CPU
		{9374A5AD-E054-4A5A-BF48-3C7CE6D9FF59}.Release|Any CPU.ActiveCfg = Release|Any CPU
		{9374A5AD-E054-4A5A-BF48-3C7CE6D9FF59}.Release|Any CPU.Build.0 = Release|Any CPU
		{17F22C94-57A0-4A9F-AE8F-3128EFCDE74F}.Debug|Any CPU.ActiveCfg = Debug|Any CPU
		{17F22C94-57A0-4A9F-AE8F-3128EFCDE74F}.Debug|Any CPU.Build.0 = Debug|Any CPU
		{17F22C94-57A0-4A9F-AE8F-3128EFCDE74F}.Release|Any CPU.ActiveCfg = Release|Any CPU
		{17F22C94-57A0-4A9F-AE8F-3128EFCDE74F}.Release|Any CPU.Build.0 = Release|Any CPU
		{3E961967-A0A4-4A19-97F1-B362CDC7A9AA}.Debug|Any CPU.ActiveCfg = Debug|Any CPU
		{3E961967-A0A4-4A19-97F1-B362CDC7A9AA}.Debug|Any CPU.Build.0 = Debug|Any CPU
		{3E961967-A0A4-4A19-97F1-B362CDC7A9AA}.Release|Any CPU.ActiveCfg = Release|Any CPU
		{3E961967-A0A4-4A19-97F1-B362CDC7A9AA}.Release|Any CPU.Build.0 = Release|Any CPU
	EndGlobalSection
	GlobalSection(SolutionProperties) = preSolution
		HideSolutionNode = FALSE
	EndGlobalSection
	GlobalSection(ExtensibilityGlobals) = postSolution
		SolutionGuid = {3ED73598-59C7-4836-8D07-9E91ACED0078}
	EndGlobalSection
EndGlobal
